
Microsoft Visual Studio Solution File, Format Version 12.00
# Visual Studio Version 17
VisualStudioVersion = 17.8.34330.188
MinimumVisualStudioVersion = 10.0.40219.1
Project("{9A19103F-16F7-4668-BE54-9A1E7A4F7556}") = "WebAPIDemo", "WebAPIDemo\WebAPIDemo.csproj", "{A7E2A926-D968-4F77-AA8C-AEE44CCFC72B}"
EndProject
Project("{FAE04EC0-301F-11D3-BF4B-00C04F79EFBC}") = "WebApp", "WebApp\WebApp.csproj", "{28300770-A82B-47D7-A519-A745F9273DCF}"
EndProject
Global
	GlobalSection(SolutionConfigurationPlatforms) = preSolution
		Debug|Any CPU = Debug|Any CPU
		Release|Any CPU = Release|Any CPU
	EndGlobalSection
	GlobalSection(ProjectConfigurationPlatforms) = postSolution
		{A7E2A926-D968-4F77-AA8C-AEE44CCFC72B}.Debug|Any CPU.ActiveCfg = Debug|Any CPU
		{A7E2A926-D968-4F77-AA8C-AEE44CCFC72B}.Debug|Any CPU.Build.0 = Debug|Any CPU
		{A7E2A926-D968-4F77-AA8C-AEE44CCFC72B}.Release|Any CPU.ActiveCfg = Release|Any CPU
		{A7E2A926-D968-4F77-AA8C-AEE44CCFC72B}.Release|Any CPU.Build.0 = Release|Any CPU
		{28300770-A82B-47D7-A519-A745F9273DCF}.Debug|Any CPU.ActiveCfg = Debug|Any CPU
		{28300770-A82B-47D7-A519-A745F9273DCF}.Debug|Any CPU.Build.0 = Debug|Any CPU
		{28300770-A82B-47D7-A519-A745F9273DCF}.Release|Any CPU.ActiveCfg = Release|Any CPU
		{28300770-A82B-47D7-A519-A745F9273DCF}.Release|Any CPU.Build.0 = Release|Any CPU
	EndGlobalSection
	GlobalSection(SolutionProperties) = preSolution
		HideSolutionNode = FALSE
	EndGlobalSection
	GlobalSection(ExtensibilityGlobals) = postSolution
		SolutionGuid = {F23C342C-DB77-4A3A-9CCA-3BDAE9B20319}
	EndGlobalSection
EndGlobal
